
Microsoft Visual Studio Solution File, Format Version 12.00
# Visual Studio Version 17
Project("{2150E333-8FDC-42A3-9474-1A3956D46DE8}") = "CMakePredefinedTargets", "CMakePredefinedTargets", "{EA3C8350-2431-3DCA-A119-338EC0D73CAA}"
EndProject
Project("{2150E333-8FDC-42A3-9474-1A3956D46DE8}") = "External", "External", "{B84753C4-8A6E-35EC-B060-8A928D7185CC}"
EndProject
Project("{2150E333-8FDC-42A3-9474-1A3956D46DE8}") = "Internal", "Internal", "{EC32872B-C528-38D5-88E4-E6BF943DC779}"
EndProject
Project("{2150E333-8FDC-42A3-9474-1A3956D46DE8}") = "Utils", "Utils", "{BCC9D9CD-0983-3819-8FB3-93695E1CA16C}"
EndProject
Project("{8BC9CEB8-8B4A-11D0-8D11-00A0C91BC942}") = "ALL_BUILD", "ALL_BUILD.vcxproj", "{B8E23F60-A5CF-306F-A41B-1CFF4639FC37}"
	ProjectSection(ProjectDependencies) = postProject
		{32352638-62D0-376D-A56B-DE9037143782} = {32352638-62D0-376D-A56B-DE9037143782}
		{E54E52A4-E845-3893-9377-A151D9ECC68F} = {E54E52A4-E845-3893-9377-A151D9ECC68F}
		{1FE15F8D-3070-3945-8DB6-38CB366EEAEF} = {1FE15F8D-3070-3945-8DB6-38CB366EEAEF}
		{3E093546-8417-315C-BDE2-D3277F68B828} = {3E093546-8417-315C-BDE2-D3277F68B828}
		{023ED9E6-91DD-3A12-B0AB-B87AE7F2E2C2} = {023ED9E6-91DD-3A12-B0AB-B87AE7F2E2C2}
		{ABA8FFC8-F6B4-37A1-A6CD-9A36B1F27096} = {ABA8FFC8-F6B4-37A1-A6CD-9A36B1F27096}
		{FD579D45-1F81-35FE-9B43-0692DABE4D11} = {FD579D45-1F81-35FE-9B43-0692DABE4D11}
		{AB11E5B9-4FF2-3725-BDE1-C37AE131EEF5} = {AB11E5B9-4FF2-3725-BDE1-C37AE131EEF5}
		{87877749-FE15-3673-8F42-51659127DC81} = {87877749-FE15-3673-8F42-51659127DC81}
		{4B1500E7-914F-32AC-A45F-70E493CF7ECD} = {4B1500E7-914F-32AC-A45F-70E493CF7ECD}
		{65031003-BD50-3B16-A2F6-212B015F0571} = {65031003-BD50-3B16-A2F6-212B015F0571}
		{04C2B99F-83C6-323E-A608-073EE7DF5992} = {04C2B99F-83C6-323E-A608-073EE7DF5992}
		{A062AA16-2D93-3DDE-B5C8-3FF2D7CF7404} = {A062AA16-2D93-3DDE-B5C8-3FF2D7CF7404}
		{B2BF5723-C0B9-318B-97C6-878FD734A9B2} = {B2BF5723-C0B9-318B-97C6-878FD734A9B2}
		{43412B74-92FE-3E0D-91C5-B5061D264D52} = {43412B74-92FE-3E0D-91C5-B5061D264D52}
	EndProjectSection
EndProject
Project("{8BC9CEB8-8B4A-11D0-8D11-00A0C91BC942}") = "MyGame", "MyGame.vcxproj", "{32352638-62D0-376D-A56B-DE9037143782}"
	ProjectSection(ProjectDependencies) = postProject
		{E54E52A4-E845-3893-9377-A151D9ECC68F} = {E54E52A4-E845-3893-9377-A151D9ECC68F}
		{1FE15F8D-3070-3945-8DB6-38CB366EEAEF} = {1FE15F8D-3070-3945-8DB6-38CB366EEAEF}
		{3E093546-8417-315C-BDE2-D3277F68B828} = {3E093546-8417-315C-BDE2-D3277F68B828}
		{023ED9E6-91DD-3A12-B0AB-B87AE7F2E2C2} = {023ED9E6-91DD-3A12-B0AB-B87AE7F2E2C2}
		{ABA8FFC8-F6B4-37A1-A6CD-9A36B1F27096} = {ABA8FFC8-F6B4-37A1-A6CD-9A36B1F27096}
		{FD579D45-1F81-35FE-9B43-0692DABE4D11} = {FD579D45-1F81-35FE-9B43-0692DABE4D11}
		{AB11E5B9-4FF2-3725-BDE1-C37AE131EEF5} = {AB11E5B9-4FF2-3725-BDE1-C37AE131EEF5}
		{87877749-FE15-3673-8F42-51659127DC81} = {87877749-FE15-3673-8F42-51659127DC81}
		{4B1500E7-914F-32AC-A45F-70E493CF7ECD} = {4B1500E7-914F-32AC-A45F-70E493CF7ECD}
		{65031003-BD50-3B16-A2F6-212B015F0571} = {65031003-BD50-3B16-A2F6-212B015F0571}
		{04C2B99F-83C6-323E-A608-073EE7DF5992} = {04C2B99F-83C6-323E-A608-073EE7DF5992}
		{A062AA16-2D93-3DDE-B5C8-3FF2D7CF7404} = {A062AA16-2D93-3DDE-B5C8-3FF2D7CF7404}
		{B2BF5723-C0B9-318B-97C6-878FD734A9B2} = {B2BF5723-C0B9-318B-97C6-878FD734A9B2}
		{43412B74-92FE-3E0D-91C5-B5061D264D52} = {43412B74-92FE-3E0D-91C5-B5061D264D52}
	EndProjectSection
EndProject
Project("{8BC9CEB8-8B4A-11D0-8D11-00A0C91BC942}") = "SYNC_RESOURCE-MyGame", "SYNC_RESOURCE-MyGame.vcxproj", "{E54E52A4-E845-3893-9377-A151D9ECC68F}"
	ProjectSection(ProjectDependencies) = postProject
		{1FE15F8D-3070-3945-8DB6-38CB366EEAEF} = {1FE15F8D-3070-3945-8DB6-38CB366EEAEF}
	EndProjectSection
EndProject
Project("{8BC9CEB8-8B4A-11D0-8D11-00A0C91BC942}") = "ZERO_CHECK", "ZERO_CHECK.vcxproj", "{1FE15F8D-3070-3945-8DB6-38CB366EEAEF}"
	ProjectSection(ProjectDependencies) = postProject
	EndProjectSection
EndProject
Project("{8BC9CEB8-8B4A-11D0-8D11-00A0C91BC942}") = "cocos2d", "engine\cocos\core\cocos2d.vcxproj", "{3E093546-8417-315C-BDE2-D3277F68B828}"
	ProjectSection(ProjectDependencies) = postProject
		{1FE15F8D-3070-3945-8DB6-38CB366EEAEF} = {1FE15F8D-3070-3945-8DB6-38CB366EEAEF}
		{023ED9E6-91DD-3A12-B0AB-B87AE7F2E2C2} = {023ED9E6-91DD-3A12-B0AB-B87AE7F2E2C2}
		{ABA8FFC8-F6B4-37A1-A6CD-9A36B1F27096} = {ABA8FFC8-F6B4-37A1-A6CD-9A36B1F27096}
		{FD579D45-1F81-35FE-9B43-0692DABE4D11} = {FD579D45-1F81-35FE-9B43-0692DABE4D11}
		{AB11E5B9-4FF2-3725-BDE1-C37AE131EEF5} = {AB11E5B9-4FF2-3725-BDE1-C37AE131EEF5}
		{87877749-FE15-3673-8F42-51659127DC81} = {87877749-FE15-3673-8F42-51659127DC81}
		{4B1500E7-914F-32AC-A45F-70E493CF7ECD} = {4B1500E7-914F-32AC-A45F-70E493CF7ECD}
		{65031003-BD50-3B16-A2F6-212B015F0571} = {65031003-BD50-3B16-A2F6-212B015F0571}
		{04C2B99F-83C6-323E-A608-073EE7DF5992} = {04C2B99F-83C6-323E-A608-073EE7DF5992}
		{A062AA16-2D93-3DDE-B5C8-3FF2D7CF7404} = {A062AA16-2D93-3DDE-B5C8-3FF2D7CF7404}
		{B2BF5723-C0B9-318B-97C6-878FD734A9B2} = {B2BF5723-C0B9-318B-97C6-878FD734A9B2}
		{43412B74-92FE-3E0D-91C5-B5061D264D52} = {43412B74-92FE-3E0D-91C5-B5061D264D52}
	EndProjectSection
EndProject
Project("{8BC9CEB8-8B4A-11D0-8D11-00A0C91BC942}") = "ext_clipper", "engine\external\clipper\ext_clipper.vcxproj", "{023ED9E6-91DD-3A12-B0AB-B87AE7F2E2C2}"
	ProjectSection(ProjectDependencies) = postProject
		{1FE15F8D-3070-3945-8DB6-38CB366EEAEF} = {1FE15F8D-3070-3945-8DB6-38CB366EEAEF}
	EndProjectSection
EndProject
Project("{8BC9CEB8-8B4A-11D0-8D11-00A0C91BC942}") = "ext_convertUTF", "engine\external\ConvertUTF\ext_convertUTF.vcxproj", "{ABA8FFC8-F6B4-37A1-A6CD-9A36B1F27096}"
	ProjectSection(ProjectDependencies) = postProject
		{1FE15F8D-3070-3945-8DB6-38CB366EEAEF} = {1FE15F8D-3070-3945-8DB6-38CB366EEAEF}
	EndProjectSection
EndProject
Project("{8BC9CEB8-8B4A-11D0-8D11-00A0C91BC942}") = "ext_edtaa3func", "engine\external\edtaa3func\ext_edtaa3func.vcxproj", "{FD579D45-1F81-35FE-9B43-0692DABE4D11}"
	ProjectSection(ProjectDependencies) = postProject
		{1FE15F8D-3070-3945-8DB6-38CB366EEAEF} = {1FE15F8D-3070-3945-8DB6-38CB366EEAEF}
	EndProjectSection
EndProject
Project("{8BC9CEB8-8B4A-11D0-8D11-00A0C91BC942}") = "ext_md5", "engine\external\md5\ext_md5.vcxproj", "{AB11E5B9-4FF2-3725-BDE1-C37AE131EEF5}"
	ProjectSection(ProjectDependencies) = postProject
		{1FE15F8D-3070-3945-8DB6-38CB366EEAEF} = {1FE15F8D-3070-3945-8DB6-38CB366EEAEF}
	EndProjectSection
EndProject
Project("{8BC9CEB8-8B4A-11D0-8D11-00A0C91BC942}") = "ext_poly2tri", "engine\external\poly2tri\ext_poly2tri.vcxproj", "{87877749-FE15-3673-8F42-51659127DC81}"
	ProjectSection(ProjectDependencies) = postProject
		{1FE15F8D-3070-3945-8DB6-38CB366EEAEF} = {1FE15F8D-3070-3945-8DB6-38CB366EEAEF}
	EndProjectSection
EndProject
Project("{8BC9CEB8-8B4A-11D0-8D11-00A0C91BC942}") = "ext_recast", "engine\external\recast\ext_recast.vcxproj", "{4B1500E7-914F-32AC-A45F-70E493CF7ECD}"
	ProjectSection(ProjectDependencies) = postProject
		{1FE15F8D-3070-3945-8DB6-38CB366EEAEF} = {1FE15F8D-3070-3945-8DB6-38CB366EEAEF}
	EndProjectSection
EndProject
Project("{8BC9CEB8-8B4A-11D0-8D11-00A0C91BC942}") = "ext_tinyxml2", "engine\external\tinyxml2\ext_tinyxml2.vcxproj", "{65031003-BD50-3B16-A2F6-212B015F0571}"
	ProjectSection(ProjectDependencies) = postProject
		{1FE15F8D-3070-3945-8DB6-38CB366EEAEF} = {1FE15F8D-3070-3945-8DB6-38CB366EEAEF}
	EndProjectSection
EndProject
Project("{8BC9CEB8-8B4A-11D0-8D11-00A0C91BC942}") = "ext_unzip", "engine\external\unzip\ext_unzip.vcxproj", "{04C2B99F-83C6-323E-A608-073EE7DF5992}"
	ProjectSection(ProjectDependencies) = postProject
		{1FE15F8D-3070-3945-8DB6-38CB366EEAEF} = {1FE15F8D-3070-3945-8DB6-38CB366EEAEF}
	EndProjectSection
EndProject
Project("{8BC9CEB8-8B4A-11D0-8D11-00A0C91BC942}") = "ext_xxhash", "engine\external\xxhash\ext_xxhash.vcxproj", "{A062AA16-2D93-3DDE-B5C8-3FF2D7CF7404}"
	ProjectSection(ProjectDependencies) = postProject
		{1FE15F8D-3070-3945-8DB6-38CB366EEAEF} = {1FE15F8D-3070-3945-8DB6-38CB366EEAEF}
	EndProjectSection
EndProject
Project("{8BC9CEB8-8B4A-11D0-8D11-00A0C91BC942}") = "ext_xxtea", "engine\external\xxtea\ext_xxtea.vcxproj", "{B2BF5723-C0B9-318B-97C6-878FD734A9B2}"
	ProjectSection(ProjectDependencies) = postProject
		{1FE15F8D-3070-3945-8DB6-38CB366EEAEF} = {1FE15F8D-3070-3945-8DB6-38CB366EEAEF}
	EndProjectSection
EndProject
Project("{8BC9CEB8-8B4A-11D0-8D11-00A0C91BC942}") = "external", "engine\external\external.vcxproj", "{43412B74-92FE-3E0D-91C5-B5061D264D52}"
	ProjectSection(ProjectDependencies) = postProject
		{1FE15F8D-3070-3945-8DB6-38CB366EEAEF} = {1FE15F8D-3070-3945-8DB6-38CB366EEAEF}
		{023ED9E6-91DD-3A12-B0AB-B87AE7F2E2C2} = {023ED9E6-91DD-3A12-B0AB-B87AE7F2E2C2}
		{ABA8FFC8-F6B4-37A1-A6CD-9A36B1F27096} = {ABA8FFC8-F6B4-37A1-A6CD-9A36B1F27096}
		{FD579D45-1F81-35FE-9B43-0692DABE4D11} = {FD579D45-1F81-35FE-9B43-0692DABE4D11}
		{AB11E5B9-4FF2-3725-BDE1-C37AE131EEF5} = {AB11E5B9-4FF2-3725-BDE1-C37AE131EEF5}
		{87877749-FE15-3673-8F42-51659127DC81} = {87877749-FE15-3673-8F42-51659127DC81}
		{4B1500E7-914F-32AC-A45F-70E493CF7ECD} = {4B1500E7-914F-32AC-A45F-70E493CF7ECD}
		{65031003-BD50-3B16-A2F6-212B015F0571} = {65031003-BD50-3B16-A2F6-212B015F0571}
		{04C2B99F-83C6-323E-A608-073EE7DF5992} = {04C2B99F-83C6-323E-A608-073EE7DF5992}
		{A062AA16-2D93-3DDE-B5C8-3FF2D7CF7404} = {A062AA16-2D93-3DDE-B5C8-3FF2D7CF7404}
		{B2BF5723-C0B9-318B-97C6-878FD734A9B2} = {B2BF5723-C0B9-318B-97C6-878FD734A9B2}
	EndProjectSection
EndProject
Global
	GlobalSection(SolutionConfigurationPlatforms) = preSolution
		Debug|Win32 = Debug|Win32
		Release|Win32 = Release|Win32
		MinSizeRel|Win32 = MinSizeRel|Win32
		RelWithDebInfo|Win32 = RelWithDebInfo|Win32
	EndGlobalSection
	GlobalSection(ProjectConfigurationPlatforms) = postSolution
		{B8E23F60-A5CF-306F-A41B-1CFF4639FC37}.Debug|Win32.ActiveCfg = Debug|Win32
		{B8E23F60-A5CF-306F-A41B-1CFF4639FC37}.Release|Win32.ActiveCfg = Release|Win32
		{B8E23F60-A5CF-306F-A41B-1CFF4639FC37}.MinSizeRel|Win32.ActiveCfg = MinSizeRel|Win32
		{B8E23F60-A5CF-306F-A41B-1CFF4639FC37}.RelWithDebInfo|Win32.ActiveCfg = RelWithDebInfo|Win32
		{32352638-62D0-376D-A56B-DE9037143782}.Debug|Win32.ActiveCfg = Debug|Win32
		{32352638-62D0-376D-A56B-DE9037143782}.Debug|Win32.Build.0 = Debug|Win32
		{32352638-62D0-376D-A56B-DE9037143782}.Release|Win32.ActiveCfg = Release|Win32
		{32352638-62D0-376D-A56B-DE9037143782}.Release|Win32.Build.0 = Release|Win32
		{32352638-62D0-376D-A56B-DE9037143782}.MinSizeRel|Win32.ActiveCfg = MinSizeRel|Win32
		{32352638-62D0-376D-A56B-DE9037143782}.MinSizeRel|Win32.Build.0 = MinSizeRel|Win32
		{32352638-62D0-376D-A56B-DE9037143782}.RelWithDebInfo|Win32.ActiveCfg = RelWithDebInfo|Win32
		{32352638-62D0-376D-A56B-DE9037143782}.RelWithDebInfo|Win32.Build.0 = RelWithDebInfo|Win32
		{E54E52A4-E845-3893-9377-A151D9ECC68F}.Debug|Win32.ActiveCfg = Debug|Win32
		{E54E52A4-E845-3893-9377-A151D9ECC68F}.Debug|Win32.Build.0 = Debug|Win32
		{E54E52A4-E845-3893-9377-A151D9ECC68F}.Release|Win32.ActiveCfg = Release|Win32
		{E54E52A4-E845-3893-9377-A151D9ECC68F}.Release|Win32.Build.0 = Release|Win32
		{E54E52A4-E845-3893-9377-A151D9ECC68F}.MinSizeRel|Win32.ActiveCfg = MinSizeRel|Win32
		{E54E52A4-E845-3893-9377-A151D9ECC68F}.MinSizeRel|Win32.Build.0 = MinSizeRel|Win32
		{E54E52A4-E845-3893-9377-A151D9ECC68F}.RelWithDebInfo|Win32.ActiveCfg = RelWithDebInfo|Win32
		{E54E52A4-E845-3893-9377-A151D9ECC68F}.RelWithDebInfo|Win32.Build.0 = RelWithDebInfo|Win32
		{1FE15F8D-3070-3945-8DB6-38CB366EEAEF}.Debug|Win32.ActiveCfg = Debug|Win32
		{1FE15F8D-3070-3945-8DB6-38CB366EEAEF}.Debug|Win32.Build.0 = Debug|Win32
		{1FE15F8D-3070-3945-8DB6-38CB366EEAEF}.Release|Win32.ActiveCfg = Release|Win32
		{1FE15F8D-3070-3945-8DB6-38CB366EEAEF}.Release|Win32.Build.0 = Release|Win32
		{1FE15F8D-3070-3945-8DB6-38CB366EEAEF}.MinSizeRel|Win32.ActiveCfg = MinSizeRel|Win32
		{1FE15F8D-3070-3945-8DB6-38CB366EEAEF}.MinSizeRel|Win32.Build.0 = MinSizeRel|Win32
		{1FE15F8D-3070-3945-8DB6-38CB366EEAEF}.RelWithDebInfo|Win32.ActiveCfg = RelWithDebInfo|Win32
		{1FE15F8D-3070-3945-8DB6-38CB366EEAEF}.RelWithDebInfo|Win32.Build.0 = RelWithDebInfo|Win32
		{3E093546-8417-315C-BDE2-D3277F68B828}.Debug|Win32.ActiveCfg = Debug|Win32
		{3E093546-8417-315C-BDE2-D3277F68B828}.Debug|Win32.Build.0 = Debug|Win32
		{3E093546-8417-315C-BDE2-D3277F68B828}.Release|Win32.ActiveCfg = Release|Win32
		{3E093546-8417-315C-BDE2-D3277F68B828}.Release|Win32.Build.0 = Release|Win32
		{3E093546-8417-315C-BDE2-D3277F68B828}.MinSizeRel|Win32.ActiveCfg = MinSizeRel|Win32
		{3E093546-8417-315C-BDE2-D3277F68B828}.MinSizeRel|Win32.Build.0 = MinSizeRel|Win32
		{3E093546-8417-315C-BDE2-D3277F68B828}.RelWithDebInfo|Win32.ActiveCfg = RelWithDebInfo|Win32
		{3E093546-8417-315C-BDE2-D3277F68B828}.RelWithDebInfo|Win32.Build.0 = RelWithDebInfo|Win32
		{023ED9E6-91DD-3A12-B0AB-B87AE7F2E2C2}.Debug|Win32.ActiveCfg = Debug|Win32
		{023ED9E6-91DD-3A12-B0AB-B87AE7F2E2C2}.Debug|Win32.Build.0 = Debug|Win32
		{023ED9E6-91DD-3A12-B0AB-B87AE7F2E2C2}.Release|Win32.ActiveCfg = Release|Win32
		{023ED9E6-91DD-3A12-B0AB-B87AE7F2E2C2}.Release|Win32.Build.0 = Release|Win32
		{023ED9E6-91DD-3A12-B0AB-B87AE7F2E2C2}.MinSizeRel|Win32.ActiveCfg = MinSizeRel|Win32
		{023ED9E6-91DD-3A12-B0AB-B87AE7F2E2C2}.MinSizeRel|Win32.Build.0 = MinSizeRel|Win32
		{023ED9E6-91DD-3A12-B0AB-B87AE7F2E2C2}.RelWithDebInfo|Win32.ActiveCfg = RelWithDebInfo|Win32
		{023ED9E6-91DD-3A12-B0AB-B87AE7F2E2C2}.RelWithDebInfo|Win32.Build.0 = RelWithDebInfo|Win32
		{ABA8FFC8-F6B4-37A1-A6CD-9A36B1F27096}.Debug|Win32.ActiveCfg = Debug|Win32
		{ABA8FFC8-F6B4-37A1-A6CD-9A36B1F27096}.Debug|Win32.Build.0 = Debug|Win32
		{ABA8FFC8-F6B4-37A1-A6CD-9A36B1F27096}.Release|Win32.ActiveCfg = Release|Win32
		{ABA8FFC8-F6B4-37A1-A6CD-9A36B1F27096}.Release|Win32.Build.0 = Release|Win32
		{ABA8FFC8-F6B4-37A1-A6CD-9A36B1F27096}.MinSizeRel|Win32.ActiveCfg = MinSizeRel|Win32
		{ABA8FFC8-F6B4-37A1-A6CD-9A36B1F27096}.MinSizeRel|Win32.Build.0 = MinSizeRel|Win32
		{ABA8FFC8-F6B4-37A1-A6CD-9A36B1F27096}.RelWithDebInfo|Win32.ActiveCfg = RelWithDebInfo|Win32
		{ABA8FFC8-F6B4-37A1-A6CD-9A36B1F27096}.RelWithDebInfo|Win32.Build.0 = RelWithDebInfo|Win32
		{FD579D45-1F81-35FE-9B43-0692DABE4D11}.Debug|Win32.ActiveCfg = Debug|Win32
		{FD579D45-1F81-35FE-9B43-0692DABE4D11}.Debug|Win32.Build.0 = Debug|Win32
		{FD579D45-1F81-35FE-9B43-0692DABE4D11}.Release|Win32.ActiveCfg = Release|Win32
		{FD579D45-1F81-35FE-9B43-0692DABE4D11}.Release|Win32.Build.0 = Release|Win32
		{FD579D45-1F81-35FE-9B43-0692DABE4D11}.MinSizeRel|Win32.ActiveCfg = MinSizeRel|Win32
		{FD579D45-1F81-35FE-9B43-0692DABE4D11}.MinSizeRel|Win32.Build.0 = MinSizeRel|Win32
		{FD579D45-1F81-35FE-9B43-0692DABE4D11}.RelWithDebInfo|Win32.ActiveCfg = RelWithDebInfo|Win32
		{FD579D45-1F81-35FE-9B43-0692DABE4D11}.RelWithDebInfo|Win32.Build.0 = RelWithDebInfo|Win32
		{AB11E5B9-4FF2-3725-BDE1-C37AE131EEF5}.Debug|Win32.ActiveCfg = Debug|Win32
		{AB11E5B9-4FF2-3725-BDE1-C37AE131EEF5}.Debug|Win32.Build.0 = Debug|Win32
		{AB11E5B9-4FF2-3725-BDE1-C37AE131EEF5}.Release|Win32.ActiveCfg = Release|Win32
		{AB11E5B9-4FF2-3725-BDE1-C37AE131EEF5}.Release|Win32.Build.0 = Release|Win32
		{AB11E5B9-4FF2-3725-BDE1-C37AE131EEF5}.MinSizeRel|Win32.ActiveCfg = MinSizeRel|Win32
		{AB11E5B9-4FF2-3725-BDE1-C37AE131EEF5}.MinSizeRel|Win32.Build.0 = MinSizeRel|Win32
		{AB11E5B9-4FF2-3725-BDE1-C37AE131EEF5}.RelWithDebInfo|Win32.ActiveCfg = RelWithDebInfo|Win32
		{AB11E5B9-4FF2-3725-BDE1-C37AE131EEF5}.RelWithDebInfo|Win32.Build.0 = RelWithDebInfo|Win32
		{87877749-FE15-3673-8F42-51659127DC81}.Debug|Win32.ActiveCfg = Debug|Win32
		{87877749-FE15-3673-8F42-51659127DC81}.Debug|Win32.Build.0 = Debug|Win32
		{87877749-FE15-3673-8F42-51659127DC81}.Release|Win32.ActiveCfg = Release|Win32
		{87877749-FE15-3673-8F42-51659127DC81}.Release|Win32.Build.0 = Release|Win32
		{87877749-FE15-3673-8F42-51659127DC81}.MinSizeRel|Win32.ActiveCfg = MinSizeRel|Win32
		{87877749-FE15-3673-8F42-51659127DC81}.MinSizeRel|Win32.Build.0 = MinSizeRel|Win32
		{87877749-FE15-3673-8F42-51659127DC81}.RelWithDebInfo|Win32.ActiveCfg = RelWithDebInfo|Win32
		{87877749-FE15-3673-8F42-51659127DC81}.RelWithDebInfo|Win32.Build.0 = RelWithDebInfo|Win32
		{4B1500E7-914F-32AC-A45F-70E493CF7ECD}.Debug|Win32.ActiveCfg = Debug|Win32
		{4B1500E7-914F-32AC-A45F-70E493CF7ECD}.Debug|Win32.Build.0 = Debug|Win32
		{4B1500E7-914F-32AC-A45F-70E493CF7ECD}.Release|Win32.ActiveCfg = Release|Win32
		{4B1500E7-914F-32AC-A45F-70E493CF7ECD}.Release|Win32.Build.0 = Release|Win32
		{4B1500E7-914F-32AC-A45F-70E493CF7ECD}.MinSizeRel|Win32.ActiveCfg = MinSizeRel|Win32
		{4B1500E7-914F-32AC-A45F-70E493CF7ECD}.MinSizeRel|Win32.Build.0 = MinSizeRel|Win32
		{4B1500E7-914F-32AC-A45F-70E493CF7ECD}.RelWithDebInfo|Win32.ActiveCfg = RelWithDebInfo|Win32
		{4B1500E7-914F-32AC-A45F-70E493CF7ECD}.RelWithDebInfo|Win32.Build.0 = RelWithDebInfo|Win32
		{65031003-BD50-3B16-A2F6-212B015F0571}.Debug|Win32.ActiveCfg = Debug|Win32
		{65031003-BD50-3B16-A2F6-212B015F0571}.Debug|Win32.Build.0 = Debug|Win32
		{65031003-BD50-3B16-A2F6-212B015F0571}.Release|Win32.ActiveCfg = Release|Win32
		{65031003-BD50-3B16-A2F6-212B015F0571}.Release|Win32.Build.0 = Release|Win32
		{65031003-BD50-3B16-A2F6-212B015F0571}.MinSizeRel|Win32.ActiveCfg = MinSizeRel|Win32
		{65031003-BD50-3B16-A2F6-212B015F0571}.MinSizeRel|Win32.Build.0 = MinSizeRel|Win32
		{65031003-BD50-3B16-A2F6-212B015F0571}.RelWithDebInfo|Win32.ActiveCfg = RelWithDebInfo|Win32
		{65031003-BD50-3B16-A2F6-212B015F0571}.RelWithDebInfo|Win32.Build.0 = RelWithDebInfo|Win32
		{04C2B99F-83C6-323E-A608-073EE7DF5992}.Debug|Win32.ActiveCfg = Debug|Win32
		{04C2B99F-83C6-323E-A608-073EE7DF5992}.Debug|Win32.Build.0 = Debug|Win32
		{04C2B99F-83C6-323E-A608-073EE7DF5992}.Release|Win32.ActiveCfg = Release|Win32
		{04C2B99F-83C6-323E-A608-073EE7DF5992}.Release|Win32.Build.0 = Release|Win32
		{04C2B99F-83C6-323E-A608-073EE7DF5992}.MinSizeRel|Win32.ActiveCfg = MinSizeRel|Win32
		{04C2B99F-83C6-323E-A608-073EE7DF5992}.MinSizeRel|Win32.Build.0 = MinSizeRel|Win32
		{04C2B99F-83C6-323E-A608-073EE7DF5992}.RelWithDebInfo|Win32.ActiveCfg = RelWithDebInfo|Win32
		{04C2B99F-83C6-323E-A608-073EE7DF5992}.RelWithDebInfo|Win32.Build.0 = RelWithDebInfo|Win32
		{A062AA16-2D93-3DDE-B5C8-3FF2D7CF7404}.Debug|Win32.ActiveCfg = Debug|Win32
		{A062AA16-2D93-3DDE-B5C8-3FF2D7CF7404}.Debug|Win32.Build.0 = Debug|Win32
		{A062AA16-2D93-3DDE-B5C8-3FF2D7CF7404}.Release|Win32.ActiveCfg = Release|Win32
		{A062AA16-2D93-3DDE-B5C8-3FF2D7CF7404}.Release|Win32.Build.0 = Release|Win32
		{A062AA16-2D93-3DDE-B5C8-3FF2D7CF7404}.MinSizeRel|Win32.ActiveCfg = MinSizeRel|Win32
		{A062AA16-2D93-3DDE-B5C8-3FF2D7CF7404}.MinSizeRel|Win32.Build.0 = MinSizeRel|Win32
		{A062AA16-2D93-3DDE-B5C8-3FF2D7CF7404}.RelWithDebInfo|Win32.ActiveCfg = RelWithDebInfo|Win32
		{A062AA16-2D93-3DDE-B5C8-3FF2D7CF7404}.RelWithDebInfo|Win32.Build.0 = RelWithDebInfo|Win32
		{B2BF5723-C0B9-318B-97C6-878FD734A9B2}.Debug|Win32.ActiveCfg = Debug|Win32
		{B2BF5723-C0B9-318B-97C6-878FD734A9B2}.Debug|Win32.Build.0 = Debug|Win32
		{B2BF5723-C0B9-318B-97C6-878FD734A9B2}.Release|Win32.ActiveCfg = Release|Win32
		{B2BF5723-C0B9-318B-97C6-878FD734A9B2}.Release|Win32.Build.0 = Release|Win32
		{B2BF5723-C0B9-318B-97C6-878FD734A9B2}.MinSizeRel|Win32.ActiveCfg = MinSizeRel|Win32
		{B2BF5723-C0B9-318B-97C6-878FD734A9B2}.MinSizeRel|Win32.Build.0 = MinSizeRel|Win32
		{B2BF5723-C0B9-318B-97C6-878FD734A9B2}.RelWithDebInfo|Win32.ActiveCfg = RelWithDebInfo|Win32
		{B2BF5723-C0B9-318B-97C6-878FD734A9B2}.RelWithDebInfo|Win32.Build.0 = RelWithDebInfo|Win32
		{43412B74-92FE-3E0D-91C5-B5061D264D52}.Debug|Win32.ActiveCfg = Debug|Win32
		{43412B74-92FE-3E0D-91C5-B5061D264D52}.Debug|Win32.Build.0 = Debug|Win32
		{43412B74-92FE-3E0D-91C5-B5061D264D52}.Release|Win32.ActiveCfg = Release|Win32
		{43412B74-92FE-3E0D-91C5-B5061D264D52}.Release|Win32.Build.0 = Release|Win32
		{43412B74-92FE-3E0D-91C5-B5061D264D52}.MinSizeRel|Win32.ActiveCfg = MinSizeRel|Win32
		{43412B74-92FE-3E0D-91C5-B5061D264D52}.MinSizeRel|Win32.Build.0 = MinSizeRel|Win32
		{43412B74-92FE-3E0D-91C5-B5061D264D52}.RelWithDebInfo|Win32.ActiveCfg = RelWithDebInfo|Win32
		{43412B74-92FE-3E0D-91C5-B5061D264D52}.RelWithDebInfo|Win32.Build.0 = RelWithDebInfo|Win32
	EndGlobalSection
	GlobalSection(NestedProjects) = preSolution
		{B8E23F60-A5CF-306F-A41B-1CFF4639FC37} = {EA3C8350-2431-3DCA-A119-338EC0D73CAA}
		{1FE15F8D-3070-3945-8DB6-38CB366EEAEF} = {EA3C8350-2431-3DCA-A119-338EC0D73CAA}
		{023ED9E6-91DD-3A12-B0AB-B87AE7F2E2C2} = {B84753C4-8A6E-35EC-B060-8A928D7185CC}
		{ABA8FFC8-F6B4-37A1-A6CD-9A36B1F27096} = {B84753C4-8A6E-35EC-B060-8A928D7185CC}
		{FD579D45-1F81-35FE-9B43-0692DABE4D11} = {B84753C4-8A6E-35EC-B060-8A928D7185CC}
		{AB11E5B9-4FF2-3725-BDE1-C37AE131EEF5} = {B84753C4-8A6E-35EC-B060-8A928D7185CC}
		{87877749-FE15-3673-8F42-51659127DC81} = {B84753C4-8A6E-35EC-B060-8A928D7185CC}
		{4B1500E7-914F-32AC-A45F-70E493CF7ECD} = {B84753C4-8A6E-35EC-B060-8A928D7185CC}
		{65031003-BD50-3B16-A2F6-212B015F0571} = {B84753C4-8A6E-35EC-B060-8A928D7185CC}
		{04C2B99F-83C6-323E-A608-073EE7DF5992} = {B84753C4-8A6E-35EC-B060-8A928D7185CC}
		{A062AA16-2D93-3DDE-B5C8-3FF2D7CF7404} = {B84753C4-8A6E-35EC-B060-8A928D7185CC}
		{B2BF5723-C0B9-318B-97C6-878FD734A9B2} = {B84753C4-8A6E-35EC-B060-8A928D7185CC}
		{43412B74-92FE-3E0D-91C5-B5061D264D52} = {B84753C4-8A6E-35EC-B060-8A928D7185CC}
		{3E093546-8417-315C-BDE2-D3277F68B828} = {EC32872B-C528-38D5-88E4-E6BF943DC779}
		{E54E52A4-E845-3893-9377-A151D9ECC68F} = {BCC9D9CD-0983-3819-8FB3-93695E1CA16C}
	EndGlobalSection
	GlobalSection(ExtensibilityGlobals) = postSolution
		SolutionGuid = {D2CBF4E6-78A3-333D-AC44-63E952DEB22E}
	EndGlobalSection
	GlobalSection(ExtensibilityAddIns) = postSolution
	EndGlobalSection
EndGlobal
